
Microsoft Visual Studio Solution File, Format Version 12.00
# Visual Studio for Mac
Project("{FAE04EC0-301F-11D3-BF4B-00C04F79EFBC}") = "Ghostr", "Ghostr.csproj", "{B0EACE27-9995-AFFF-347B-CE3A83769E6D}"
EndProject
Project("{FAE04EC0-301F-11D3-BF4B-00C04F79EFBC}") = "Ghostr.Plugins", "Ghostr.Plugins.csproj", "{FB34AEF8-9D6B-1AFA-FA0C-BC15B8B8546B}"
EndProject
Project("{FAE04EC0-301F-11D3-BF4B-00C04F79EFBC}") = "Ghostr.Editor.Plugins", "Ghostr.Editor.Plugins.csproj", "{81EC2DD5-BEF8-A9F2-7CDB-C167B7E00F54}"
EndProject
Project("{FAE04EC0-301F-11D3-BF4B-00C04F79EFBC}") = "Ghostr.Editor", "Ghostr.Editor.csproj", "{3B5ECDD1-3D71-16D1-DA9A-C8FAB55F678E}"
EndProject
Global
	GlobalSection(SolutionConfigurationPlatforms) = preSolution
		Debug|Any CPU = Debug|Any CPU
		Release|Any CPU = Release|Any CPU
	EndGlobalSection
	GlobalSection(ProjectConfigurationPlatforms) = postSolution
		{B0EACE27-9995-AFFF-347B-CE3A83769E6D}.Debug|Any CPU.ActiveCfg = Debug|Any CPU
		{B0EACE27-9995-AFFF-347B-CE3A83769E6D}.Debug|Any CPU.Build.0 = Debug|Any CPU
		{B0EACE27-9995-AFFF-347B-CE3A83769E6D}.Release|Any CPU.ActiveCfg = Release|Any CPU
		{B0EACE27-9995-AFFF-347B-CE3A83769E6D}.Release|Any CPU.Build.0 = Release|Any CPU
		{FB34AEF8-9D6B-1AFA-FA0C-BC15B8B8546B}.Debug|Any CPU.ActiveCfg = Debug|Any CPU
		{FB34AEF8-9D6B-1AFA-FA0C-BC15B8B8546B}.Debug|Any CPU.Build.0 = Debug|Any CPU
		{FB34AEF8-9D6B-1AFA-FA0C-BC15B8B8546B}.Release|Any CPU.ActiveCfg = Release|Any CPU
		{FB34AEF8-9D6B-1AFA-FA0C-BC15B8B8546B}.Release|Any CPU.Build.0 = Release|Any CPU
		{81EC2DD5-BEF8-A9F2-7CDB-C167B7E00F54}.Debug|Any CPU.ActiveCfg = Debug|Any CPU
		{81EC2DD5-BEF8-A9F2-7CDB-C167B7E00F54}.Debug|Any CPU.Build.0 = Debug|Any CPU
		{81EC2DD5-BEF8-A9F2-7CDB-C167B7E00F54}.Release|Any CPU.ActiveCfg = Release|Any CPU
		{81EC2DD5-BEF8-A9F2-7CDB-C167B7E00F54}.Release|Any CPU.Build.0 = Release|Any CPU
		{3B5ECDD1-3D71-16D1-DA9A-C8FAB55F678E}.Debug|Any CPU.ActiveCfg = Debug|Any CPU
		{3B5ECDD1-3D71-16D1-DA9A-C8FAB55F678E}.Debug|Any CPU.Build.0 = Debug|Any CPU
		{3B5ECDD1-3D71-16D1-DA9A-C8FAB55F678E}.Release|Any CPU.ActiveCfg = Release|Any CPU
		{3B5ECDD1-3D71-16D1-DA9A-C8FAB55F678E}.Release|Any CPU.Build.0 = Release|Any CPU
	EndGlobalSection
	GlobalSection(SolutionProperties) = preSolution
		HideSolutionNode = FALSE
	EndGlobalSection
EndGlobal
